
Microsoft Visual Studio Solution File, Format Version 12.00
# Visual Studio 15
VisualStudioVersion = 15.0.27703.2018
MinimumVisualStudioVersion = 10.0.40219.1
Project("{FAE04EC0-301F-11D3-BF4B-00C04F79EFBC}") = "Move Picture", "Move Picture\Move Picture.csproj", "{987C5E0F-89BB-4EE1-87FD-0DD2D9C0F27E}"
EndProject
Global
	GlobalSection(SolutionConfigurationPlatforms) = preSolution
		Debug|Any CPU = Debug|Any CPU
		Release|Any CPU = Release|Any CPU
	EndGlobalSection
	GlobalSection(ProjectConfigurationPlatforms) = postSolution
		{987C5E0F-89BB-4EE1-87FD-0DD2D9C0F27E}.Debug|Any CPU.ActiveCfg = Debug|Any CPU
		{987C5E0F-89BB-4EE1-87FD-0DD2D9C0F27E}.Debug|Any CPU.Build.0 = Debug|Any CPU
		{987C5E0F-89BB-4EE1-87FD-0DD2D9C0F27E}.Release|Any CPU.ActiveCfg = Release|Any CPU
		{987C5E0F-89BB-4EE1-87FD-0DD2D9C0F27E}.Release|Any CPU.Build.0 = Release|Any CPU
	EndGlobalSection
	GlobalSection(SolutionProperties) = preSolution
		HideSolutionNode = FALSE
	EndGlobalSection
	GlobalSection(ExtensibilityGlobals) = postSolution
		SolutionGuid = {02D56FBD-7A86-4873-AFB7-092724933ADF}
	EndGlobalSection
EndGlobal
